
Microsoft Visual Studio Solution File, Format Version 12.00
# Visual Studio Version 17
VisualStudioVersion = 17.3.32922.545
MinimumVisualStudioVersion = 10.0.40219.1
Project("{888888A0-9F3D-457C-B088-3A5042F75D52}") = "Bai07", "Python-CodingMonkey167LuuDoThuatToan\Bai07.pyproj", "{8A5262BA-8695-4E36-AC4C-29714C091D0C}"
EndProject
Project("{888888A0-9F3D-457C-B088-3A5042F75D52}") = "Bai13", "Bai02\Bai13.pyproj", "{165E3A0F-ABD7-4F04-884F-2635B6882282}"
EndProject
Project("{888888A0-9F3D-457C-B088-3A5042F75D52}") = "Bai19", "Bai19\Bai19.pyproj", "{176E9FF2-8D89-49B8-95EC-DCBD35FE6159}"
EndProject
Project("{888888A0-9F3D-457C-B088-3A5042F75D52}") = "Bai25", "Bai25\Bai25.pyproj", "{F4336EDF-9C0D-4772-82D5-E32741E19C02}"
EndProject
Project("{888888A0-9F3D-457C-B088-3A5042F75D52}") = "Bai31", "Bai31\Bai31.pyproj", "{11BBD952-9E5C-4F08-9549-37420E50D1A1}"
EndProject
Project("{888888A0-9F3D-457C-B088-3A5042F75D52}") = "Bai37", "Bai37\Bai37.pyproj", "{C4751C80-E921-47E8-A610-1C2476F971F5}"
EndProject
Project("{888888A0-9F3D-457C-B088-3A5042F75D52}") = "Bai43", "Bai43\Bai43.pyproj", "{5461916B-E11E-438F-807C-FFBEDC417426}"
EndProject
Project("{888888A0-9F3D-457C-B088-3A5042F75D52}") = "Bai49", "Bai49\Bai49.pyproj", "{E7D8E04E-512B-4906-A1D2-6D283BA67D31}"
EndProject
Project("{888888A0-9F3D-457C-B088-3A5042F75D52}") = "Bai55", "Bai55\Bai55.pyproj", "{A1716069-C5D7-4666-BF77-C2CD89199789}"
EndProject
Project("{888888A0-9F3D-457C-B088-3A5042F75D52}") = "Bai61", "Bai61\Bai61.pyproj", "{857E4182-D1CE-4BA5-AEAA-AB0520EAFA41}"
EndProject
Project("{888888A0-9F3D-457C-B088-3A5042F75D52}") = "Bai67", "Bai67\Bai67.pyproj", "{4E593FD4-C3D4-4E85-A5D5-C4952989D260}"
EndProject
Project("{888888A0-9F3D-457C-B088-3A5042F75D52}") = "Bai73", "Bai73\Bai73.pyproj", "{1EAF6167-ADFE-43FA-983A-5C8D3CB255D6}"
EndProject
Project("{888888A0-9F3D-457C-B088-3A5042F75D52}") = "Bai79", "Bai79\Bai79.pyproj", "{4E41A844-CEE4-473A-AFF8-D3DA104E4E24}"
EndProject
Project("{888888A0-9F3D-457C-B088-3A5042F75D52}") = "Bai85", "Bai85\Bai85.pyproj", "{D278CC61-6921-44EB-A255-E69808B6B0FB}"
EndProject
Project("{888888A0-9F3D-457C-B088-3A5042F75D52}") = "Bai91", "Bai91\Bai91.pyproj", "{AF87E84D-F9A0-499F-AEEC-B557F68B1D04}"
EndProject
Project("{888888A0-9F3D-457C-B088-3A5042F75D52}") = "Bai97", "Bai97\Bai97.pyproj", "{9E64AE45-1B6E-48A4-B427-546D3CC0841C}"
EndProject
Project("{888888A0-9F3D-457C-B088-3A5042F75D52}") = "Bai103", "Bai103\Bai103.pyproj", "{B6F6613B-103A-440D-86CF-F3E73F250AA2}"
EndProject
Project("{888888A0-9F3D-457C-B088-3A5042F75D52}") = "Bai109", "Bai109\Bai109.pyproj", "{FD1FFDAD-B0BE-4BD5-BF3B-EA506D3F4002}"
EndProject
Project("{888888A0-9F3D-457C-B088-3A5042F75D52}") = "Bai115", "Bai115\Bai115.pyproj", "{371271AC-8668-4179-9CE3-498FFEA94D3B}"
EndProject
Project("{888888A0-9F3D-457C-B088-3A5042F75D52}") = "Bai121", "Bai121\Bai121.pyproj", "{8D3C6EF2-CEF9-4D5B-9568-1DD3A23A93D4}"
EndProject
Project("{888888A0-9F3D-457C-B088-3A5042F75D52}") = "Bai127", "Bai127\Bai127.pyproj", "{4E7E9984-FA06-4DA0-A43E-2D8A69D426E1}"
EndProject
Project("{888888A0-9F3D-457C-B088-3A5042F75D52}") = "Bai133", "Bai133\Bai133.pyproj", "{45B2A736-EB9B-403C-BDE9-85897862B212}"
EndProject
Project("{888888A0-9F3D-457C-B088-3A5042F75D52}") = "Bai139", "Bai139\Bai139.pyproj", "{8A32F8BC-738D-44F1-90BF-8E56B5A655CB}"
EndProject
Project("{888888A0-9F3D-457C-B088-3A5042F75D52}") = "Bai145", "Bai145\Bai145.pyproj", "{E5161B7A-3D42-4099-A325-CA8F1B827DB0}"
EndProject
Project("{888888A0-9F3D-457C-B088-3A5042F75D52}") = "Bai151", "Bai151\Bai151.pyproj", "{705F6260-9B80-414B-B73D-FA69D2A80DD2}"
EndProject
Project("{888888A0-9F3D-457C-B088-3A5042F75D52}") = "Bai157", "Bai157\Bai157.pyproj", "{1F0B92B1-B85D-4BC1-ABDE-2544080094BF}"
EndProject
Project("{888888A0-9F3D-457C-B088-3A5042F75D52}") = "Bai163", "Bai163\Bai163.pyproj", "{DF63C662-D1E7-4ADC-B949-E6A4CEDD72A4}"
EndProject
Global
	GlobalSection(SolutionConfigurationPlatforms) = preSolution
		Debug|Any CPU = Debug|Any CPU
		Debug|x64 = Debug|x64
		Debug|x86 = Debug|x86
		Release|Any CPU = Release|Any CPU
		Release|x64 = Release|x64
		Release|x86 = Release|x86
	EndGlobalSection
	GlobalSection(ProjectConfigurationPlatforms) = postSolution
		{8A5262BA-8695-4E36-AC4C-29714C091D0C}.Debug|Any CPU.ActiveCfg = Debug|Any CPU
		{8A5262BA-8695-4E36-AC4C-29714C091D0C}.Debug|x64.ActiveCfg = Debug|Any CPU
		{8A5262BA-8695-4E36-AC4C-29714C091D0C}.Debug|x86.ActiveCfg = Debug|Any CPU
		{8A5262BA-8695-4E36-AC4C-29714C091D0C}.Release|Any CPU.ActiveCfg = Release|Any CPU
		{8A5262BA-8695-4E36-AC4C-29714C091D0C}.Release|x64.ActiveCfg = Release|Any CPU
		{8A5262BA-8695-4E36-AC4C-29714C091D0C}.Release|x86.ActiveCfg = Release|Any CPU
		{165E3A0F-ABD7-4F04-884F-2635B6882282}.Debug|Any CPU.ActiveCfg = Debug|Any CPU
		{165E3A0F-ABD7-4F04-884F-2635B6882282}.Debug|x64.ActiveCfg = Debug|Any CPU
		{165E3A0F-ABD7-4F04-884F-2635B6882282}.Debug|x86.ActiveCfg = Debug|Any CPU
		{165E3A0F-ABD7-4F04-884F-2635B6882282}.Release|Any CPU.ActiveCfg = Release|Any CPU
		{165E3A0F-ABD7-4F04-884F-2635B6882282}.Release|x64.ActiveCfg = Release|Any CPU
		{165E3A0F-ABD7-4F04-884F-2635B6882282}.Release|x86.ActiveCfg = Release|Any CPU
		{176E9FF2-8D89-49B8-95EC-DCBD35FE6159}.Debug|Any CPU.ActiveCfg = Debug|Any CPU
		{176E9FF2-8D89-49B8-95EC-DCBD35FE6159}.Debug|x64.ActiveCfg = Debug|Any CPU
		{176E9FF2-8D89-49B8-95EC-DCBD35FE6159}.Debug|x86.ActiveCfg = Debug|Any CPU
		{176E9FF2-8D89-49B8-95EC-DCBD35FE6159}.Release|Any CPU.ActiveCfg = Release|Any CPU
		{176E9FF2-8D89-49B8-95EC-DCBD35FE6159}.Release|x64.ActiveCfg = Release|Any CPU
		{176E9FF2-8D89-49B8-95EC-DCBD35FE6159}.Release|x86.ActiveCfg = Release|Any CPU
		{F4336EDF-9C0D-4772-82D5-E32741E19C02}.Debug|Any CPU.ActiveCfg = Debug|Any CPU
		{F4336EDF-9C0D-4772-82D5-E32741E19C02}.Debug|x64.ActiveCfg = Debug|Any CPU
		{F4336EDF-9C0D-4772-82D5-E32741E19C02}.Debug|x86.ActiveCfg = Debug|Any CPU
		{F4336EDF-9C0D-4772-82D5-E32741E19C02}.Release|Any CPU.ActiveCfg = Release|Any CPU
		{F4336EDF-9C0D-4772-82D5-E32741E19C02}.Release|x64.ActiveCfg = Release|Any CPU
		{F4336EDF-9C0D-4772-82D5-E32741E19C02}.Release|x86.ActiveCfg = Release|Any CPU
		{11BBD952-9E5C-4F08-9549-37420E50D1A1}.Debug|Any CPU.ActiveCfg = Debug|Any CPU
		{11BBD952-9E5C-4F08-9549-37420E50D1A1}.Debug|x64.ActiveCfg = Debug|Any CPU
		{11BBD952-9E5C-4F08-9549-37420E50D1A1}.Debug|x86.ActiveCfg = Debug|Any CPU
		{11BBD952-9E5C-4F08-9549-37420E50D1A1}.Release|Any CPU.ActiveCfg = Release|Any CPU
		{11BBD952-9E5C-4F08-9549-37420E50D1A1}.Release|x64.ActiveCfg = Release|Any CPU
		{11BBD952-9E5C-4F08-9549-37420E50D1A1}.Release|x86.ActiveCfg = Release|Any CPU
		{C4751C80-E921-47E8-A610-1C2476F971F5}.Debug|Any CPU.ActiveCfg = Debug|Any CPU
		{C4751C80-E921-47E8-A610-1C2476F971F5}.Debug|x64.ActiveCfg = Debug|Any CPU
		{C4751C80-E921-47E8-A610-1C2476F971F5}.Debug|x86.ActiveCfg = Debug|Any CPU
		{C4751C80-E921-47E8-A610-1C2476F971F5}.Release|Any CPU.ActiveCfg = Release|Any CPU
		{C4751C80-E921-47E8-A610-1C2476F971F5}.Release|x64.ActiveCfg = Release|Any CPU
		{C4751C80-E921-47E8-A610-1C2476F971F5}.Release|x86.ActiveCfg = Release|Any CPU
		{5461916B-E11E-438F-807C-FFBEDC417426}.Debug|Any CPU.ActiveCfg = Debug|Any CPU
		{5461916B-E11E-438F-807C-FFBEDC417426}.Debug|x64.ActiveCfg = Debug|Any CPU
		{5461916B-E11E-438F-807C-FFBEDC417426}.Debug|x86.ActiveCfg = Debug|Any CPU
		{5461916B-E11E-438F-807C-FFBEDC417426}.Release|Any CPU.ActiveCfg = Release|Any CPU
		{5461916B-E11E-438F-807C-FFBEDC417426}.Release|x64.ActiveCfg = Release|Any CPU
		{5461916B-E11E-438F-807C-FFBEDC417426}.Release|x86.ActiveCfg = Release|Any CPU
		{E7D8E04E-512B-4906-A1D2-6D283BA67D31}.Debug|Any CPU.ActiveCfg = Debug|Any CPU
		{E7D8E04E-512B-4906-A1D2-6D283BA67D31}.Debug|x64.ActiveCfg = Debug|Any CPU
		{E7D8E04E-512B-4906-A1D2-6D283BA67D31}.Debug|x86.ActiveCfg = Debug|Any CPU
		{E7D8E04E-512B-4906-A1D2-6D283BA67D31}.Release|Any CPU.ActiveCfg = Release|Any CPU
		{E7D8E04E-512B-4906-A1D2-6D283BA67D31}.Release|x64.ActiveCfg = Release|Any CPU
		{E7D8E04E-512B-4906-A1D2-6D283BA67D31}.Release|x86.ActiveCfg = Release|Any CPU
		{A1716069-C5D7-4666-BF77-C2CD89199789}.Debug|Any CPU.ActiveCfg = Debug|Any CPU
		{A1716069-C5D7-4666-BF77-C2CD89199789}.Debug|x64.ActiveCfg = Debug|Any CPU
		{A1716069-C5D7-4666-BF77-C2CD89199789}.Debug|x86.ActiveCfg = Debug|Any CPU
		{A1716069-C5D7-4666-BF77-C2CD89199789}.Release|Any CPU.ActiveCfg = Release|Any CPU
		{A1716069-C5D7-4666-BF77-C2CD89199789}.Release|x64.ActiveCfg = Release|Any CPU
		{A1716069-C5D7-4666-BF77-C2CD89199789}.Release|x86.ActiveCfg = Release|Any CPU
		{857E4182-D1CE-4BA5-AEAA-AB0520EAFA41}.Debug|Any CPU.ActiveCfg = Debug|Any CPU
		{857E4182-D1CE-4BA5-AEAA-AB0520EAFA41}.Debug|x64.ActiveCfg = Debug|Any CPU
		{857E4182-D1CE-4BA5-AEAA-AB0520EAFA41}.Debug|x86.ActiveCfg = Debug|Any CPU
		{857E4182-D1CE-4BA5-AEAA-AB0520EAFA41}.Release|Any CPU.ActiveCfg = Release|Any CPU
		{857E4182-D1CE-4BA5-AEAA-AB0520EAFA41}.Release|x64.ActiveCfg = Release|Any CPU
		{857E4182-D1CE-4BA5-AEAA-AB0520EAFA41}.Release|x86.ActiveCfg = Release|Any CPU
		{4E593FD4-C3D4-4E85-A5D5-C4952989D260}.Debug|Any CPU.ActiveCfg = Debug|Any CPU
		{4E593FD4-C3D4-4E85-A5D5-C4952989D260}.Debug|x64.ActiveCfg = Debug|Any CPU
		{4E593FD4-C3D4-4E85-A5D5-C4952989D260}.Debug|x86.ActiveCfg = Debug|Any CPU
		{4E593FD4-C3D4-4E85-A5D5-C4952989D260}.Release|Any CPU.ActiveCfg = Release|Any CPU
		{4E593FD4-C3D4-4E85-A5D5-C4952989D260}.Release|x64.ActiveCfg = Release|Any CPU
		{4E593FD4-C3D4-4E85-A5D5-C4952989D260}.Release|x86.ActiveCfg = Release|Any CPU
		{1EAF6167-ADFE-43FA-983A-5C8D3CB255D6}.Debug|Any CPU.ActiveCfg = Debug|Any CPU
		{1EAF6167-ADFE-43FA-983A-5C8D3CB255D6}.Debug|x64.ActiveCfg = Debug|Any CPU
		{1EAF6167-ADFE-43FA-983A-5C8D3CB255D6}.Debug|x86.ActiveCfg = Debug|Any CPU
		{1EAF6167-ADFE-43FA-983A-5C8D3CB255D6}.Release|Any CPU.ActiveCfg = Release|Any CPU
		{1EAF6167-ADFE-43FA-983A-5C8D3CB255D6}.Release|x64.ActiveCfg = Release|Any CPU
		{1EAF6167-ADFE-43FA-983A-5C8D3CB255D6}.Release|x86.ActiveCfg = Release|Any CPU
		{4E41A844-CEE4-473A-AFF8-D3DA104E4E24}.Debug|Any CPU.ActiveCfg = Debug|Any CPU
		{4E41A844-CEE4-473A-AFF8-D3DA104E4E24}.Debug|x64.ActiveCfg = Debug|Any CPU
		{4E41A844-CEE4-473A-AFF8-D3DA104E4E24}.Debug|x86.ActiveCfg = Debug|Any CPU
		{4E41A844-CEE4-473A-AFF8-D3DA104E4E24}.Release|Any CPU.ActiveCfg = Release|Any CPU
		{4E41A844-CEE4-473A-AFF8-D3DA104E4E24}.Release|x64.ActiveCfg = Release|Any CPU
		{4E41A844-CEE4-473A-AFF8-D3DA104E4E24}.Release|x86.ActiveCfg = Release|Any CPU
		{D278CC61-6921-44EB-A255-E69808B6B0FB}.Debug|Any CPU.ActiveCfg = Debug|Any CPU
		{D278CC61-6921-44EB-A255-E69808B6B0FB}.Debug|x64.ActiveCfg = Debug|Any CPU
		{D278CC61-6921-44EB-A255-E69808B6B0FB}.Debug|x86.ActiveCfg = Debug|Any CPU
		{D278CC61-6921-44EB-A255-E69808B6B0FB}.Release|Any CPU.ActiveCfg = Release|Any CPU
		{D278CC61-6921-44EB-A255-E69808B6B0FB}.Release|x64.ActiveCfg = Release|Any CPU
		{D278CC61-6921-44EB-A255-E69808B6B0FB}.Release|x86.ActiveCfg = Release|Any CPU
		{AF87E84D-F9A0-499F-AEEC-B557F68B1D04}.Debug|Any CPU.ActiveCfg = Debug|Any CPU
		{AF87E84D-F9A0-499F-AEEC-B557F68B1D04}.Debug|x64.ActiveCfg = Debug|Any CPU
		{AF87E84D-F9A0-499F-AEEC-B557F68B1D04}.Debug|x86.ActiveCfg = Debug|Any CPU
		{AF87E84D-F9A0-499F-AEEC-B557F68B1D04}.Release|Any CPU.ActiveCfg = Release|Any CPU
		{AF87E84D-F9A0-499F-AEEC-B557F68B1D04}.Release|x64.ActiveCfg = Release|Any CPU
		{AF87E84D-F9A0-499F-AEEC-B557F68B1D04}.Release|x86.ActiveCfg = Release|Any CPU
		{9E64AE45-1B6E-48A4-B427-546D3CC0841C}.Debug|Any CPU.ActiveCfg = Debug|Any CPU
		{9E64AE45-1B6E-48A4-B427-546D3CC0841C}.Debug|x64.ActiveCfg = Debug|Any CPU
		{9E64AE45-1B6E-48A4-B427-546D3CC0841C}.Debug|x86.ActiveCfg = Debug|Any CPU
		{9E64AE45-1B6E-48A4-B427-546D3CC0841C}.Release|Any CPU.ActiveCfg = Release|Any CPU
		{9E64AE45-1B6E-48A4-B427-546D3CC0841C}.Release|x64.ActiveCfg = Release|Any CPU
		{9E64AE45-1B6E-48A4-B427-546D3CC0841C}.Release|x86.ActiveCfg = Release|Any CPU
		{B6F6613B-103A-440D-86CF-F3E73F250AA2}.Debug|Any CPU.ActiveCfg = Debug|Any CPU
		{B6F6613B-103A-440D-86CF-F3E73F250AA2}.Debug|x64.ActiveCfg = Debug|Any CPU
		{B6F6613B-103A-440D-86CF-F3E73F250AA2}.Debug|x86.ActiveCfg = Debug|Any CPU
		{B6F6613B-103A-440D-86CF-F3E73F250AA2}.Release|Any CPU.ActiveCfg = Release|Any CPU
		{B6F6613B-103A-440D-86CF-F3E73F250AA2}.Release|x64.ActiveCfg = Release|Any CPU
		{B6F6613B-103A-440D-86CF-F3E73F250AA2}.Release|x86.ActiveCfg = Release|Any CPU
		{FD1FFDAD-B0BE-4BD5-BF3B-EA506D3F4002}.Debug|Any CPU.ActiveCfg = Debug|Any CPU
		{FD1FFDAD-B0BE-4BD5-BF3B-EA506D3F4002}.Debug|x64.ActiveCfg = Debug|Any CPU
		{FD1FFDAD-B0BE-4BD5-BF3B-EA506D3F4002}.Debug|x86.ActiveCfg = Debug|Any CPU
		{FD1FFDAD-B0BE-4BD5-BF3B-EA506D3F4002}.Release|Any CPU.ActiveCfg = Release|Any CPU
		{FD1FFDAD-B0BE-4BD5-BF3B-EA506D3F4002}.Release|x64.ActiveCfg = Release|Any CPU
		{FD1FFDAD-B0BE-4BD5-BF3B-EA506D3F4002}.Release|x86.ActiveCfg = Release|Any CPU
		{371271AC-8668-4179-9CE3-498FFEA94D3B}.Debug|Any CPU.ActiveCfg = Debug|Any CPU
		{371271AC-8668-4179-9CE3-498FFEA94D3B}.Debug|x64.ActiveCfg = Debug|Any CPU
		{371271AC-8668-4179-9CE3-498FFEA94D3B}.Debug|x86.ActiveCfg = Debug|Any CPU
		{371271AC-8668-4179-9CE3-498FFEA94D3B}.Release|Any CPU.ActiveCfg = Release|Any CPU
		{371271AC-8668-4179-9CE3-498FFEA94D3B}.Release|x64.ActiveCfg = Release|Any CPU
		{371271AC-8668-4179-9CE3-498FFEA94D3B}.Release|x86.ActiveCfg = Release|Any CPU
		{8D3C6EF2-CEF9-4D5B-9568-1DD3A23A93D4}.Debug|Any CPU.ActiveCfg = Debug|Any CPU
		{8D3C6EF2-CEF9-4D5B-9568-1DD3A23A93D4}.Debug|x64.ActiveCfg = Debug|Any CPU
		{8D3C6EF2-CEF9-4D5B-9568-1DD3A23A93D4}.Debug|x86.ActiveCfg = Debug|Any CPU
		{8D3C6EF2-CEF9-4D5B-9568-1DD3A23A93D4}.Release|Any CPU.ActiveCfg = Release|Any CPU
		{8D3C6EF2-CEF9-4D5B-9568-1DD3A23A93D4}.Release|x64.ActiveCfg = Release|Any CPU
		{8D3C6EF2-CEF9-4D5B-9568-1DD3A23A93D4}.Release|x86.ActiveCfg = Release|Any CPU
		{4E7E9984-FA06-4DA0-A43E-2D8A69D426E1}.Debug|Any CPU.ActiveCfg = Debug|Any CPU
		{4E7E9984-FA06-4DA0-A43E-2D8A69D426E1}.Debug|x64.ActiveCfg = Debug|Any CPU
		{4E7E9984-FA06-4DA0-A43E-2D8A69D426E1}.Debug|x86.ActiveCfg = Debug|Any CPU
		{4E7E9984-FA06-4DA0-A43E-2D8A69D426E1}.Release|Any CPU.ActiveCfg = Release|Any CPU
		{4E7E9984-FA06-4DA0-A43E-2D8A69D426E1}.Release|x64.ActiveCfg = Release|Any CPU
		{4E7E9984-FA06-4DA0-A43E-2D8A69D426E1}.Release|x86.ActiveCfg = Release|Any CPU
		{45B2A736-EB9B-403C-BDE9-85897862B212}.Debug|Any CPU.ActiveCfg = Debug|Any CPU
		{45B2A736-EB9B-403C-BDE9-85897862B212}.Debug|x64.ActiveCfg = Debug|Any CPU
		{45B2A736-EB9B-403C-BDE9-85897862B212}.Debug|x86.ActiveCfg = Debug|Any CPU
		{45B2A736-EB9B-403C-BDE9-85897862B212}.Release|Any CPU.ActiveCfg = Release|Any CPU
		{45B2A736-EB9B-403C-BDE9-85897862B212}.Release|x64.ActiveCfg = Release|Any CPU
		{45B2A736-EB9B-403C-BDE9-85897862B212}.Release|x86.ActiveCfg = Release|Any CPU
		{8A32F8BC-738D-44F1-90BF-8E56B5A655CB}.Debug|Any CPU.ActiveCfg = Debug|Any CPU
		{8A32F8BC-738D-44F1-90BF-8E56B5A655CB}.Debug|x64.ActiveCfg = Debug|Any CPU
		{8A32F8BC-738D-44F1-90BF-8E56B5A655CB}.Debug|x86.ActiveCfg = Debug|Any CPU
		{8A32F8BC-738D-44F1-90BF-8E56B5A655CB}.Release|Any CPU.ActiveCfg = Release|Any CPU
		{8A32F8BC-738D-44F1-90BF-8E56B5A655CB}.Release|x64.ActiveCfg = Release|Any CPU
		{8A32F8BC-738D-44F1-90BF-8E56B5A655CB}.Release|x86.ActiveCfg = Release|Any CPU
		{E5161B7A-3D42-4099-A325-CA8F1B827DB0}.Debug|Any CPU.ActiveCfg = Debug|Any CPU
		{E5161B7A-3D42-4099-A325-CA8F1B827DB0}.Debug|x64.ActiveCfg = Debug|Any CPU
		{E5161B7A-3D42-4099-A325-CA8F1B827DB0}.Debug|x86.ActiveCfg = Debug|Any CPU
		{E5161B7A-3D42-4099-A325-CA8F1B827DB0}.Release|Any CPU.ActiveCfg = Release|Any CPU
		{E5161B7A-3D42-4099-A325-CA8F1B827DB0}.Release|x64.ActiveCfg = Release|Any CPU
		{E5161B7A-3D42-4099-A325-CA8F1B827DB0}.Release|x86.ActiveCfg = Release|Any CPU
		{705F6260-9B80-414B-B73D-FA69D2A80DD2}.Debug|Any CPU.ActiveCfg = Debug|Any CPU
		{705F6260-9B80-414B-B73D-FA69D2A80DD2}.Debug|x64.ActiveCfg = Debug|Any CPU
		{705F6260-9B80-414B-B73D-FA69D2A80DD2}.Debug|x86.ActiveCfg = Debug|Any CPU
		{705F6260-9B80-414B-B73D-FA69D2A80DD2}.Release|Any CPU.ActiveCfg = Release|Any CPU
		{705F6260-9B80-414B-B73D-FA69D2A80DD2}.Release|x64.ActiveCfg = Release|Any CPU
		{705F6260-9B80-414B-B73D-FA69D2A80DD2}.Release|x86.ActiveCfg = Release|Any CPU
		{1F0B92B1-B85D-4BC1-ABDE-2544080094BF}.Debug|Any CPU.ActiveCfg = Debug|Any CPU
		{1F0B92B1-B85D-4BC1-ABDE-2544080094BF}.Debug|x64.ActiveCfg = Debug|Any CPU
		{1F0B92B1-B85D-4BC1-ABDE-2544080094BF}.Debug|x86.ActiveCfg = Debug|Any CPU
		{1F0B92B1-B85D-4BC1-ABDE-2544080094BF}.Release|Any CPU.ActiveCfg = Release|Any CPU
		{1F0B92B1-B85D-4BC1-ABDE-2544080094BF}.Release|x64.ActiveCfg = Release|Any CPU
		{1F0B92B1-B85D-4BC1-ABDE-2544080094BF}.Release|x86.ActiveCfg = Release|Any CPU
		{DF63C662-D1E7-4ADC-B949-E6A4CEDD72A4}.Debug|Any CPU.ActiveCfg = Debug|Any CPU
		{DF63C662-D1E7-4ADC-B949-E6A4CEDD72A4}.Debug|x64.ActiveCfg = Debug|Any CPU
		{DF63C662-D1E7-4ADC-B949-E6A4CEDD72A4}.Debug|x86.ActiveCfg = Debug|Any CPU
		{DF63C662-D1E7-4ADC-B949-E6A4CEDD72A4}.Release|Any CPU.ActiveCfg = Release|Any CPU
		{DF63C662-D1E7-4ADC-B949-E6A4CEDD72A4}.Release|x64.ActiveCfg = Release|Any CPU
		{DF63C662-D1E7-4ADC-B949-E6A4CEDD72A4}.Release|x86.ActiveCfg = Release|Any CPU
	EndGlobalSection
	GlobalSection(SolutionProperties) = preSolution
		HideSolutionNode = FALSE
	EndGlobalSection
	GlobalSection(ExtensibilityGlobals) = postSolution
		SolutionGuid = {CD25C9E7-8ED2-4F5C-BB80-83C4BEFDFF2C}
	EndGlobalSection
EndGlobal
